
Microsoft Visual Studio Solution File, Format Version 12.00
# Visual Studio 15
VisualStudioVersion = 15.0.26403.7
MinimumVisualStudioVersion = 10.0.40219.1
Project("{FAE04EC0-301F-11D3-BF4B-00C04F79EFBC}") = "HaxkonstDB", "HaxkonstDB\HaxkonstDB.csproj", "{D9B292A1-7D66-4E79-8646-4A843A5B3272}"
EndProject
Project("{FAE04EC0-301F-11D3-BF4B-00C04F79EFBC}") = "HaxkonstDB.Test", "HaxkonstDB.Test\HaxkonstDB.Test.csproj", "{0953913B-54C7-42FE-B068-FEED77D8D3B5}"
EndProject
Global
	GlobalSection(SolutionConfigurationPlatforms) = preSolution
		Debug|Any CPU = Debug|Any CPU
		Release|Any CPU = Release|Any CPU
	EndGlobalSection
	GlobalSection(ProjectConfigurationPlatforms) = postSolution
		{D9B292A1-7D66-4E79-8646-4A843A5B3272}.Debug|Any CPU.ActiveCfg = Debug|Any CPU
		{D9B292A1-7D66-4E79-8646-4A843A5B3272}.Debug|Any CPU.Build.0 = Debug|Any CPU
		{D9B292A1-7D66-4E79-8646-4A843A5B3272}.Release|Any CPU.ActiveCfg = Release|Any CPU
		{D9B292A1-7D66-4E79-8646-4A843A5B3272}.Release|Any CPU.Build.0 = Release|Any CPU
		{0953913B-54C7-42FE-B068-FEED77D8D3B5}.Debug|Any CPU.ActiveCfg = Debug|Any CPU
		{0953913B-54C7-42FE-B068-FEED77D8D3B5}.Debug|Any CPU.Build.0 = Debug|Any CPU
		{0953913B-54C7-42FE-B068-FEED77D8D3B5}.Release|Any CPU.ActiveCfg = Release|Any CPU
		{0953913B-54C7-42FE-B068-FEED77D8D3B5}.Release|Any CPU.Build.0 = Release|Any CPU
	EndGlobalSection
	GlobalSection(SolutionProperties) = preSolution
		HideSolutionNode = FALSE
	EndGlobalSection
EndGlobal
